
Microsoft Visual Studio Solution File, Format Version 12.00
# Visual Studio Version 16
VisualStudioVersion = 16.0.31729.503
MinimumVisualStudioVersion = 10.0.40219.1
Project("{FAE04EC0-301F-11D3-BF4B-00C04F79EFBC}") = "Iepure_Paul_Lab10.Android", "Iepure_Paul_Lab10.Android\Iepure_Paul_Lab10.Android.csproj", "{58D4B3A0-E8C9-4D12-ABF2-5AF0C402D70A}"
EndProject
Project("{FAE04EC0-301F-11D3-BF4B-00C04F79EFBC}") = "Iepure_Paul_Lab10", "Iepure_Paul_Lab10\Iepure_Paul_Lab10.csproj", "{D78BEAF7-95A0-4695-BA58-25B85557AF95}"
EndProject
Global
	GlobalSection(SolutionConfigurationPlatforms) = preSolution
		Debug|Any CPU = Debug|Any CPU
		Release|Any CPU = Release|Any CPU
	EndGlobalSection
	GlobalSection(ProjectConfigurationPlatforms) = postSolution
		{58D4B3A0-E8C9-4D12-ABF2-5AF0C402D70A}.Debug|Any CPU.ActiveCfg = Debug|Any CPU
		{58D4B3A0-E8C9-4D12-ABF2-5AF0C402D70A}.Debug|Any CPU.Build.0 = Debug|Any CPU
		{58D4B3A0-E8C9-4D12-ABF2-5AF0C402D70A}.Debug|Any CPU.Deploy.0 = Debug|Any CPU
		{58D4B3A0-E8C9-4D12-ABF2-5AF0C402D70A}.Release|Any CPU.ActiveCfg = Release|Any CPU
		{58D4B3A0-E8C9-4D12-ABF2-5AF0C402D70A}.Release|Any CPU.Build.0 = Release|Any CPU
		{58D4B3A0-E8C9-4D12-ABF2-5AF0C402D70A}.Release|Any CPU.Deploy.0 = Release|Any CPU
		{D78BEAF7-95A0-4695-BA58-25B85557AF95}.Debug|Any CPU.ActiveCfg = Debug|Any CPU
		{D78BEAF7-95A0-4695-BA58-25B85557AF95}.Debug|Any CPU.Build.0 = Debug|Any CPU
		{D78BEAF7-95A0-4695-BA58-25B85557AF95}.Debug|Any CPU.Deploy.0 = Debug|Any CPU
		{D78BEAF7-95A0-4695-BA58-25B85557AF95}.Release|Any CPU.ActiveCfg = Release|Any CPU
		{D78BEAF7-95A0-4695-BA58-25B85557AF95}.Release|Any CPU.Build.0 = Release|Any CPU
		{D78BEAF7-95A0-4695-BA58-25B85557AF95}.Release|Any CPU.Deploy.0 = Release|Any CPU
	EndGlobalSection
	GlobalSection(SolutionProperties) = preSolution
		HideSolutionNode = FALSE
	EndGlobalSection
	GlobalSection(ExtensibilityGlobals) = postSolution
		SolutionGuid = {D12D966D-EA7F-4677-9532-6B79543A6F19}
	EndGlobalSection
EndGlobal
